{
  "name": "@advanced-rest-client/app-analytics",
  "version": "3.0.1",
  "lockfileVersion": 1,
  "requires": true,
  "dependencies": {
    "@advanced-rest-client/uuid-generator": {
      "version": "3.1.1",
      "resolved": "https://registry.npmjs.org/@advanced-rest-client/uuid-generator/-/uuid-generator-3.1.1.tgz",
      "integrity": "sha512-FGC/8jodMca8j4qlSxn4+D+5PrrJfUzYkCxkfjNp9uSzMEuuSiBONIwKVKoCSu6HehBHvLpuGdmIh4KLE6RMJg=="
    }
  }
}
